// !$*UTF8*$!
{
	archiveVersion = 1;
	classes = {
	};
	objectVersion = 46;
	objects = {

/* Begin PBXBuildFile section */
		177B52E5F89328635BAB1EC1 /* libPods.a in Frameworks */ = {isa = PBXBuildFile; fileRef = F862BD7FAEBE0B9573CAE4D5 /* libPods.a */; };
		97670E571ABCC12B000690CE /* AppDelegate.swift in Sources */ = {isa = PBXBuildFile; fileRef = 97670E561ABCC12B000690CE /* AppDelegate.swift */; };
		97670E5A1ABCC12B000690CE /* iContacts.xcdatamodeld in Sources */ = {isa = PBXBuildFile; fileRef = 97670E581ABCC12B000690CE /* iContacts.xcdatamodeld */; };
		97670E5C1ABCC12B000690CE /* ViewController.swift in Sources */ = {isa = PBXBuildFile; fileRef = 97670E5B1ABCC12B000690CE /* ViewController.swift */; };
		97670E611ABCC12B000690CE /* Images.xcassets in Resources */ = {isa = PBXBuildFile; fileRef = 97670E601ABCC12B000690CE /* Images.xcassets */; };
		97670E641ABCC12B000690CE /* LaunchScreen.xib in Resources */ = {isa = PBXBuildFile; fileRef = 97670E621ABCC12B000690CE /* LaunchScreen.xib */; };
		97670E701ABCC12B000690CE /* iContactsTests.swift in Sources */ = {isa = PBXBuildFile; fileRef = 97670E6F1ABCC12B000690CE /* iContactsTests.swift */; };
		97670E871ABCCA3D000690CE /* RAMBounceAnimation.swift in Sources */ = {isa = PBXBuildFile; fileRef = 97670E7C1ABCCA3D000690CE /* RAMBounceAnimation.swift */; };
		97670E881ABCCA3D000690CE /* RAMFrameItemAnimation.swift in Sources */ = {isa = PBXBuildFile; fileRef = 97670E7E1ABCCA3D000690CE /* RAMFrameItemAnimation.swift */; };
		97670E891ABCCA3D000690CE /* RAMFumeAnimation.swift in Sources */ = {isa = PBXBuildFile; fileRef = 97670E801ABCCA3D000690CE /* RAMFumeAnimation.swift */; };
		97670E8A1ABCCA3D000690CE /* RAMRotationAnimation.swift in Sources */ = {isa = PBXBuildFile; fileRef = 97670E821ABCCA3D000690CE /* RAMRotationAnimation.swift */; };
		97670E8B1ABCCA3D000690CE /* RAMTransitionItemAnimation.swift in Sources */ = {isa = PBXBuildFile; fileRef = 97670E841ABCCA3D000690CE /* RAMTransitionItemAnimation.swift */; };
		97670E8C1ABCCA3D000690CE /* RAMAnimatedTabBarController.swift in Sources */ = {isa = PBXBuildFile; fileRef = 97670E851ABCCA3D000690CE /* RAMAnimatedTabBarController.swift */; };
		97670E8D1ABCCA3D000690CE /* RAMItemAnimationProtocol.swift in Sources */ = {isa = PBXBuildFile; fileRef = 97670E861ABCCA3D000690CE /* RAMItemAnimationProtocol.swift */; };
		978ED1141ABF683C00D5B699 /* Podfile in Resources */ = {isa = PBXBuildFile; fileRef = 978ED1131ABF683C00D5B699 /* Podfile */; };
		978F1FDB1ABE0D3400191803 /* AddressBook.framework in Frameworks */ = {isa = PBXBuildFile; fileRef = 978F1FDA1ABE0D3400191803 /* AddressBook.framework */; };
		978F1FDD1ABE0D3E00191803 /* AddressBookUI.framework in Frameworks */ = {isa = PBXBuildFile; fileRef = 978F1FDC1ABE0D3E00191803 /* AddressBookUI.framework */; };
		978F1FDF1ABE14EF00191803 /* contact.swift in Sources */ = {isa = PBXBuildFile; fileRef = 978F1FDE1ABE14EF00191803 /* contact.swift */; };
		978F1FE11ABE308500191803 /* contactTableViewController.swift in Sources */ = {isa = PBXBuildFile; fileRef = 978F1FE01ABE308500191803 /* contactTableViewController.swift */; };
		978F1FE31ABE400000191803 /* Main.storyboard in Resources */ = {isa = PBXBuildFile; fileRef = 978F1FE21ABE400000191803 /* Main.storyboard */; };
		979035EE1ACF89B30006E970 /* Events.swift in Sources */ = {isa = PBXBuildFile; fileRef = 979035ED1ACF89B30006E970 /* Events.swift */; };
		979035F01ACF89B40006E970 /* Groups.swift in Sources */ = {isa = PBXBuildFile; fileRef = 979035EF1ACF89B40006E970 /* Groups.swift */; };
		97929FD51AC8DD88003ADD49 /* IGLDropDownItem.m in Sources */ = {isa = PBXBuildFile; fileRef = 97929FD21AC8DD88003ADD49 /* IGLDropDownItem.m */; };
		97929FD61AC8DD88003ADD49 /* IGLDropDownMenu.m in Sources */ = {isa = PBXBuildFile; fileRef = 97929FD41AC8DD88003ADD49 /* IGLDropDownMenu.m */; };
		9792A4541ACDF22F00365D07 /* GroupTableViewController.swift in Sources */ = {isa = PBXBuildFile; fileRef = 9792A4531ACDF22F00365D07 /* GroupTableViewController.swift */; };
		9792A4561ACDF4D800365D07 /* NotClickedCell.swift in Sources */ = {isa = PBXBuildFile; fileRef = 9792A4551ACDF4D800365D07 /* NotClickedCell.swift */; };
		9792A4581ACDF4EC00365D07 /* ClickedTableViewCell.swift in Sources */ = {isa = PBXBuildFile; fileRef = 9792A4571ACDF4EC00365D07 /* ClickedTableViewCell.swift */; };
		979389831AC0F06700DF9A49 /* selectPersonViewController.swift in Sources */ = {isa = PBXBuildFile; fileRef = 979389821AC0F06700DF9A49 /* selectPersonViewController.swift */; };
		9794B96B1AC4B8AC006CFE92 /* EventCell.swift in Sources */ = {isa = PBXBuildFile; fileRef = 9794B96A1AC4B8AC006CFE92 /* EventCell.swift */; };
		9794B96D1AC509C0006CFE92 /* TableViewController.swift in Sources */ = {isa = PBXBuildFile; fileRef = 9794B96C1AC509C0006CFE92 /* TableViewController.swift */; };
/* End PBXBuildFile section */

/* Begin PBXContainerItemProxy section */
		97670E6A1ABCC12B000690CE /* PBXContainerItemProxy */ = {
			isa = PBXContainerItemProxy;
			containerPortal = 97670E491ABCC12B000690CE /* Project object */;
			proxyType = 1;
			remoteGlobalIDString = 97670E501ABCC12B000690CE;
			remoteInfo = iContacts;
		};
/* End PBXContainerItemProxy section */

/* Begin PBXFileReference section */
		3243A20339A4C7C60F211578 /* Pods.debug.xcconfig */ = {isa = PBXFileReference; includeInIndex = 1; lastKnownFileType = text.xcconfig; name = Pods.debug.xcconfig; path = "Pods/Target Support Files/Pods/Pods.debug.xcconfig"; sourceTree = "<group>"; };
		97670E511ABCC12B000690CE /* iContacts.app */ = {isa = PBXFileReference; explicitFileType = wrapper.application; includeInIndex = 0; path = iContacts.app; sourceTree = BUILT_PRODUCTS_DIR; };
		97670E551ABCC12B000690CE /* Info.plist */ = {isa = PBXFileReference; lastKnownFileType = text.plist.xml; path = Info.plist; sourceTree = "<group>"; };
		97670E561ABCC12B000690CE /* AppDelegate.swift */ = {isa = PBXFileReference; lastKnownFileType = sourcecode.swift; path = AppDelegate.swift; sourceTree = "<group>"; };
		97670E591ABCC12B000690CE /* iContacts.xcdatamodel */ = {isa = PBXFileReference; lastKnownFileType = wrapper.xcdatamodel; path = iContacts.xcdatamodel; sourceTree = "<group>"; };
		97670E5B1ABCC12B000690CE /* ViewController.swift */ = {isa = PBXFileReference; lastKnownFileType = sourcecode.swift; path = ViewController.swift; sourceTree = "<group>"; };
		97670E601ABCC12B000690CE /* Images.xcassets */ = {isa = PBXFileReference; lastKnownFileType = folder.assetcatalog; path = Images.xcassets; sourceTree = "<group>"; };
		97670E631ABCC12B000690CE /* Base */ = {isa = PBXFileReference; lastKnownFileType = file.xib; name = Base; path = Base.lproj/LaunchScreen.xib; sourceTree = "<group>"; };
		97670E691ABCC12B000690CE /* iContactsTests.xctest */ = {isa = PBXFileReference; explicitFileType = wrapper.cfbundle; includeInIndex = 0; path = iContactsTests.xctest; sourceTree = BUILT_PRODUCTS_DIR; };
		97670E6E1ABCC12B000690CE /* Info.plist */ = {isa = PBXFileReference; lastKnownFileType = text.plist.xml; path = Info.plist; sourceTree = "<group>"; };
		97670E6F1ABCC12B000690CE /* iContactsTests.swift */ = {isa = PBXFileReference; lastKnownFileType = sourcecode.swift; path = iContactsTests.swift; sourceTree = "<group>"; };
		97670E7C1ABCCA3D000690CE /* RAMBounceAnimation.swift */ = {isa = PBXFileReference; fileEncoding = 4; lastKnownFileType = sourcecode.swift; path = RAMBounceAnimation.swift; sourceTree = "<group>"; };
		97670E7E1ABCCA3D000690CE /* RAMFrameItemAnimation.swift */ = {isa = PBXFileReference; fileEncoding = 4; lastKnownFileType = sourcecode.swift; path = RAMFrameItemAnimation.swift; sourceTree = "<group>"; };
		97670E801ABCCA3D000690CE /* RAMFumeAnimation.swift */ = {isa = PBXFileReference; fileEncoding = 4; lastKnownFileType = sourcecode.swift; path = RAMFumeAnimation.swift; sourceTree = "<group>"; };
		97670E821ABCCA3D000690CE /* RAMRotationAnimation.swift */ = {isa = PBXFileReference; fileEncoding = 4; lastKnownFileType = sourcecode.swift; path = RAMRotationAnimation.swift; sourceTree = "<group>"; };
		97670E841ABCCA3D000690CE /* RAMTransitionItemAnimation.swift */ = {isa = PBXFileReference; fileEncoding = 4; lastKnownFileType = sourcecode.swift; path = RAMTransitionItemAnimation.swift; sourceTree = "<group>"; };
		97670E851ABCCA3D000690CE /* RAMAnimatedTabBarController.swift */ = {isa = PBXFileReference; fileEncoding = 4; lastKnownFileType = sourcecode.swift; path = RAMAnimatedTabBarController.swift; sourceTree = "<group>"; };
		97670E861ABCCA3D000690CE /* RAMItemAnimationProtocol.swift */ = {isa = PBXFileReference; fileEncoding = 4; lastKnownFileType = sourcecode.swift; path = RAMItemAnimationProtocol.swift; sourceTree = "<group>"; };
		978ED1131ABF683C00D5B699 /* Podfile */ = {isa = PBXFileReference; fileEncoding = 4; lastKnownFileType = text; name = Podfile; path = iContacts/Podfile; sourceTree = "<group>"; };
		978ED1151ABF6B9900D5B699 /* iContacts-Bridging-Header.h */ = {isa = PBXFileReference; lastKnownFileType = sourcecode.c.h; path = "iContacts-Bridging-Header.h"; sourceTree = "<group>"; };
		978F1FDA1ABE0D3400191803 /* AddressBook.framework */ = {isa = PBXFileReference; lastKnownFileType = wrapper.framework; name = AddressBook.framework; path = System/Library/Frameworks/AddressBook.framework; sourceTree = SDKROOT; };
		978F1FDC1ABE0D3E00191803 /* AddressBookUI.framework */ = {isa = PBXFileReference; lastKnownFileType = wrapper.framework; name = AddressBookUI.framework; path = System/Library/Frameworks/AddressBookUI.framework; sourceTree = SDKROOT; };
		978F1FDE1ABE14EF00191803 /* contact.swift */ = {isa = PBXFileReference; fileEncoding = 4; lastKnownFileType = sourcecode.swift; path = contact.swift; sourceTree = "<group>"; };
		978F1FE01ABE308500191803 /* contactTableViewController.swift */ = {isa = PBXFileReference; fileEncoding = 4; lastKnownFileType = sourcecode.swift; path = contactTableViewController.swift; sourceTree = "<group>"; };
		978F1FE21ABE400000191803 /* Main.storyboard */ = {isa = PBXFileReference; fileEncoding = 4; lastKnownFileType = file.storyboard; path = Main.storyboard; sourceTree = "<group>"; };
		979035ED1ACF89B30006E970 /* Events.swift */ = {isa = PBXFileReference; fileEncoding = 4; lastKnownFileType = sourcecode.swift; path = Events.swift; sourceTree = "<group>"; };
		979035EF1ACF89B40006E970 /* Groups.swift */ = {isa = PBXFileReference; fileEncoding = 4; lastKnownFileType = sourcecode.swift; path = Groups.swift; sourceTree = "<group>"; };
		97929FD11AC8DD88003ADD49 /* IGLDropDownItem.h */ = {isa = PBXFileReference; fileEncoding = 4; lastKnownFileType = sourcecode.c.h; path = IGLDropDownItem.h; sourceTree = "<group>"; };
		97929FD21AC8DD88003ADD49 /* IGLDropDownItem.m */ = {isa = PBXFileReference; fileEncoding = 4; lastKnownFileType = sourcecode.c.objc; path = IGLDropDownItem.m; sourceTree = "<group>"; };
		97929FD31AC8DD88003ADD49 /* IGLDropDownMenu.h */ = {isa = PBXFileReference; fileEncoding = 4; lastKnownFileType = sourcecode.c.h; path = IGLDropDownMenu.h; sourceTree = "<group>"; };
		97929FD41AC8DD88003ADD49 /* IGLDropDownMenu.m */ = {isa = PBXFileReference; fileEncoding = 4; lastKnownFileType = sourcecode.c.objc; path = IGLDropDownMenu.m; sourceTree = "<group>"; };
		9792A4531ACDF22F00365D07 /* GroupTableViewController.swift */ = {isa = PBXFileReference; fileEncoding = 4; lastKnownFileType = sourcecode.swift; path = GroupTableViewController.swift; sourceTree = "<group>"; };
		9792A4551ACDF4D800365D07 /* NotClickedCell.swift */ = {isa = PBXFileReference; fileEncoding = 4; lastKnownFileType = sourcecode.swift; path = NotClickedCell.swift; sourceTree = "<group>"; };
		9792A4571ACDF4EC00365D07 /* ClickedTableViewCell.swift */ = {isa = PBXFileReference; fileEncoding = 4; lastKnownFileType = sourcecode.swift; path = ClickedTableViewCell.swift; sourceTree = "<group>"; };
		979389821AC0F06700DF9A49 /* selectPersonViewController.swift */ = {isa = PBXFileReference; fileEncoding = 4; lastKnownFileType = sourcecode.swift; path = selectPersonViewController.swift; sourceTree = "<group>"; };
		9794B96A1AC4B8AC006CFE92 /* EventCell.swift */ = {isa = PBXFileReference; fileEncoding = 4; lastKnownFileType = sourcecode.swift; path = EventCell.swift; sourceTree = "<group>"; };
		9794B96C1AC509C0006CFE92 /* TableViewController.swift */ = {isa = PBXFileReference; fileEncoding = 4; lastKnownFileType = sourcecode.swift; path = TableViewController.swift; sourceTree = "<group>"; };
		E2C71344AD3B5F758C43EAD4 /* Pods.release.xcconfig */ = {isa = PBXFileReference; includeInIndex = 1; lastKnownFileType = text.xcconfig; name = Pods.release.xcconfig; path = "Pods/Target Support Files/Pods/Pods.release.xcconfig"; sourceTree = "<group>"; };
		F862BD7FAEBE0B9573CAE4D5 /* libPods.a */ = {isa = PBXFileReference; explicitFileType = archive.ar; includeInIndex = 0; path = libPods.a; sourceTree = BUILT_PRODUCTS_DIR; };
/* End PBXFileReference section */

/* Begin PBXFrameworksBuildPhase section */
		97670E4E1ABCC12B000690CE /* Frameworks */ = {
			isa = PBXFrameworksBuildPhase;
			buildActionMask = 2147483647;
			files = (
				978F1FDD1ABE0D3E00191803 /* AddressBookUI.framework in Frameworks */,
				978F1FDB1ABE0D3400191803 /* AddressBook.framework in Frameworks */,
				177B52E5F89328635BAB1EC1 /* libPods.a in Frameworks */,
			);
			runOnlyForDeploymentPostprocessing = 0;
		};
		97670E661ABCC12B000690CE /* Frameworks */ = {
			isa = PBXFrameworksBuildPhase;
			buildActionMask = 2147483647;
			files = (
			);
			runOnlyForDeploymentPostprocessing = 0;
		};
/* End PBXFrameworksBuildPhase section */

/* Begin PBXGroup section */
		52A4E834B3D74CCC64F05B76 /* Frameworks */ = {
			isa = PBXGroup;
			children = (
				F862BD7FAEBE0B9573CAE4D5 /* libPods.a */,
			);
			name = Frameworks;
			sourceTree = "<group>";
		};
		97670E481ABCC12B000690CE = {
			isa = PBXGroup;
			children = (
				978F1FDC1ABE0D3E00191803 /* AddressBookUI.framework */,
				978F1FDA1ABE0D3400191803 /* AddressBook.framework */,
				97670E531ABCC12B000690CE /* iContacts */,
				97670E6C1ABCC12B000690CE /* iContactsTests */,
				97670E521ABCC12B000690CE /* Products */,
				978ED1131ABF683C00D5B699 /* Podfile */,
				E6D8DC66E43477A10A65869E /* Pods */,
				52A4E834B3D74CCC64F05B76 /* Frameworks */,
			);
			sourceTree = "<group>";
		};
		97670E521ABCC12B000690CE /* Products */ = {
			isa = PBXGroup;
			children = (
				97670E511ABCC12B000690CE /* iContacts.app */,
				97670E691ABCC12B000690CE /* iContactsTests.xctest */,
			);
			name = Products;
			sourceTree = "<group>";
		};
		97670E531ABCC12B000690CE /* iContacts */ = {
			isa = PBXGroup;
			children = (
				97670E561ABCC12B000690CE /* AppDelegate.swift */,
				97670E5B1ABCC12B000690CE /* ViewController.swift */,
				978F1FE21ABE400000191803 /* Main.storyboard */,
				9794B96A1AC4B8AC006CFE92 /* EventCell.swift */,
				9794B96C1AC509C0006CFE92 /* TableViewController.swift */,
				9792A4531ACDF22F00365D07 /* GroupTableViewController.swift */,
				9792A4551ACDF4D800365D07 /* NotClickedCell.swift */,
				9792A4571ACDF4EC00365D07 /* ClickedTableViewCell.swift */,
				978F1FE01ABE308500191803 /* contactTableViewController.swift */,
				978F1FDE1ABE14EF00191803 /* contact.swift */,
				979389821AC0F06700DF9A49 /* selectPersonViewController.swift */,
				97670E791ABCCA3D000690CE /* RAMAnimatedTabBarController */,
				97670E601ABCC12B000690CE /* Images.xcassets */,
				97929FD01AC8DD88003ADD49 /* IGLDropDownMenu */,
				97670E621ABCC12B000690CE /* LaunchScreen.xib */,
				97670E581ABCC12B000690CE /* iContacts.xcdatamodeld */,
				979035EF1ACF89B40006E970 /* Groups.swift */,
				979035ED1ACF89B30006E970 /* Events.swift */,
				97670E541ABCC12B000690CE /* Supporting Files */,
				978ED1151ABF6B9900D5B699 /* iContacts-Bridging-Header.h */,
			);
			path = iContacts;
			sourceTree = "<group>";
		};
		97670E541ABCC12B000690CE /* Supporting Files */ = {
			isa = PBXGroup;
			children = (
				97670E551ABCC12B000690CE /* Info.plist */,
			);
			name = "Supporting Files";
			sourceTree = "<group>";
		};
		97670E6C1ABCC12B000690CE /* iContactsTests */ = {
			isa = PBXGroup;
			children = (
				97670E6F1ABCC12B000690CE /* iContactsTests.swift */,
				97670E6D1ABCC12B000690CE /* Supporting Files */,
			);
			path = iContactsTests;
			sourceTree = "<group>";
		};
		97670E6D1ABCC12B000690CE /* Supporting Files */ = {
			isa = PBXGroup;
			children = (
				97670E6E1ABCC12B000690CE /* Info.plist */,
			);
			name = "Supporting Files";
			sourceTree = "<group>";
		};
		97670E791ABCCA3D000690CE /* RAMAnimatedTabBarController */ = {
			isa = PBXGroup;
			children = (
				97670E7A1ABCCA3D000690CE /* Animations */,
				97670E851ABCCA3D000690CE /* RAMAnimatedTabBarController.swift */,
				97670E861ABCCA3D000690CE /* RAMItemAnimationProtocol.swift */,
			);
			path = RAMAnimatedTabBarController;
			sourceTree = "<group>";
		};
		97670E7A1ABCCA3D000690CE /* Animations */ = {
			isa = PBXGroup;
			children = (
				97670E7B1ABCCA3D000690CE /* BounceAnimation */,
				97670E7D1ABCCA3D000690CE /* FrameAnimation */,
				97670E7F1ABCCA3D000690CE /* FumeAnimation */,
				97670E811ABCCA3D000690CE /* RotationAnimation */,
				97670E831ABCCA3D000690CE /* TransitionAniamtions */,
			);
			path = Animations;
			sourceTree = "<group>";
		};
		97670E7B1ABCCA3D000690CE /* BounceAnimation */ = {
			isa = PBXGroup;
			children = (
				97670E7C1ABCCA3D000690CE /* RAMBounceAnimation.swift */,
			);
			path = BounceAnimation;
			sourceTree = "<group>";
		};
		97670E7D1ABCCA3D000690CE /* FrameAnimation */ = {
			isa = PBXGroup;
			children = (
				97670E7E1ABCCA3D000690CE /* RAMFrameItemAnimation.swift */,
			);
			path = FrameAnimation;
			sourceTree = "<group>";
		};
		97670E7F1ABCCA3D000690CE /* FumeAnimation */ = {
			isa = PBXGroup;
			children = (
				97670E801ABCCA3D000690CE /* RAMFumeAnimation.swift */,
			);
			path = FumeAnimation;
			sourceTree = "<group>";
		};
		97670E811ABCCA3D000690CE /* RotationAnimation */ = {
			isa = PBXGroup;
			children = (
				97670E821ABCCA3D000690CE /* RAMRotationAnimation.swift */,
			);
			path = RotationAnimation;
			sourceTree = "<group>";
		};
		97670E831ABCCA3D000690CE /* TransitionAniamtions */ = {
			isa = PBXGroup;
			children = (
				97670E841ABCCA3D000690CE /* RAMTransitionItemAnimation.swift */,
			);
			path = TransitionAniamtions;
			sourceTree = "<group>";
		};
		97929FD01AC8DD88003ADD49 /* IGLDropDownMenu */ = {
			isa = PBXGroup;
			children = (
				97929FD11AC8DD88003ADD49 /* IGLDropDownItem.h */,
				97929FD21AC8DD88003ADD49 /* IGLDropDownItem.m */,
				97929FD31AC8DD88003ADD49 /* IGLDropDownMenu.h */,
				97929FD41AC8DD88003ADD49 /* IGLDropDownMenu.m */,
			);
			path = IGLDropDownMenu;
			sourceTree = "<group>";
		};
		E6D8DC66E43477A10A65869E /* Pods */ = {
			isa = PBXGroup;
			children = (
				3243A20339A4C7C60F211578 /* Pods.debug.xcconfig */,
				E2C71344AD3B5F758C43EAD4 /* Pods.release.xcconfig */,
			);
			name = Pods;
			sourceTree = "<group>";
		};
/* End PBXGroup section */

/* Begin PBXNativeTarget section */
		97670E501ABCC12B000690CE /* iContacts */ = {
			isa = PBXNativeTarget;
			buildConfigurationList = 97670E731ABCC12B000690CE /* Build configuration list for PBXNativeTarget "iContacts" */;
			buildPhases = (
				95CA7903435EC3A4C0C8AD3A /* Check Pods Manifest.lock */,
				97670E4D1ABCC12B000690CE /* Sources */,
				97670E4E1ABCC12B000690CE /* Frameworks */,
				97670E4F1ABCC12B000690CE /* Resources */,
				9F495B0001B2F103017F4BFC /* Copy Pods Resources */,
			);
			buildRules = (
			);
			dependencies = (
			);
			name = iContacts;
			productName = iContacts;
			productReference = 97670E511ABCC12B000690CE /* iContacts.app */;
			productType = "com.apple.product-type.application";
		};
		97670E681ABCC12B000690CE /* iContactsTests */ = {
			isa = PBXNativeTarget;
			buildConfigurationList = 97670E761ABCC12B000690CE /* Build configuration list for PBXNativeTarget "iContactsTests" */;
			buildPhases = (
				97670E651ABCC12B000690CE /* Sources */,
				97670E661ABCC12B000690CE /* Frameworks */,
				97670E671ABCC12B000690CE /* Resources */,
			);
			buildRules = (
			);
			dependencies = (
				97670E6B1ABCC12B000690CE /* PBXTargetDependency */,
			);
			name = iContactsTests;
			productName = iContactsTests;
			productReference = 97670E691ABCC12B000690CE /* iContactsTests.xctest */;
			productType = "com.apple.product-type.bundle.unit-test";
		};
/* End PBXNativeTarget section */

/* Begin PBXProject section */
		97670E491ABCC12B000690CE /* Project object */ = {
			isa = PBXProject;
			attributes = {
				LastUpgradeCheck = 0620;
				ORGANIZATIONNAME = Xiangrui;
				TargetAttributes = {
					97670E501ABCC12B000690CE = {
						CreatedOnToolsVersion = 6.2;
					};
					97670E681ABCC12B000690CE = {
						CreatedOnToolsVersion = 6.2;
						TestTargetID = 97670E501ABCC12B000690CE;
					};
				};
			};
			buildConfigurationList = 97670E4C1ABCC12B000690CE /* Build configuration list for PBXProject "iContacts" */;
			compatibilityVersion = "Xcode 3.2";
			developmentRegion = English;
			hasScannedForEncodings = 0;
			knownRegions = (
				en,
				Base,
			);
			mainGroup = 97670E481ABCC12B000690CE;
			productRefGroup = 97670E521ABCC12B000690CE /* Products */;
			projectDirPath = "";
			projectRoot = "";
			targets = (
				97670E501ABCC12B000690CE /* iContacts */,
				97670E681ABCC12B000690CE /* iContactsTests */,
			);
		};
/* End PBXProject section */

/* Begin PBXResourcesBuildPhase section */
		97670E4F1ABCC12B000690CE /* Resources */ = {
			isa = PBXResourcesBuildPhase;
			buildActionMask = 2147483647;
			files = (
				978ED1141ABF683C00D5B699 /* Podfile in Resources */,
				978F1FE31ABE400000191803 /* Main.storyboard in Resources */,
				97670E641ABCC12B000690CE /* LaunchScreen.xib in Resources */,
				97670E611ABCC12B000690CE /* Images.xcassets in Resources */,
			);
			runOnlyForDeploymentPostprocessing = 0;
		};
		97670E671ABCC12B000690CE /* Resources */ = {
			isa = PBXResourcesBuildPhase;
			buildActionMask = 2147483647;
			files = (
			);
			runOnlyForDeploymentPostprocessing = 0;
		};
/* End PBXResourcesBuildPhase section */

/* Begin PBXShellScriptBuildPhase section */
		95CA7903435EC3A4C0C8AD3A /* Check Pods Manifest.lock */ = {
			isa = PBXShellScriptBuildPhase;
			buildActionMask = 2147483647;
			files = (
			);
			inputPaths = (
			);
			name = "Check Pods Manifest.lock";
			outputPaths = (
			);
			runOnlyForDeploymentPostprocessing = 0;
			shellPath = /bin/sh;
			shellScript = "diff \"${PODS_ROOT}/../Podfile.lock\" \"${PODS_ROOT}/Manifest.lock\" > /dev/null\nif [[ $? != 0 ]] ; then\n    cat << EOM\nerror: The sandbox is not in sync with the Podfile.lock. Run 'pod install' or update your CocoaPods installation.\nEOM\n    exit 1\nfi\n";
			showEnvVarsInLog = 0;
		};
		9F495B0001B2F103017F4BFC /* Copy Pods Resources */ = {
			isa = PBXShellScriptBuildPhase;
			buildActionMask = 2147483647;
			files = (
			);
			inputPaths = (
			);
			name = "Copy Pods Resources";
			outputPaths = (
			);
			runOnlyForDeploymentPostprocessing = 0;
			shellPath = /bin/sh;
			shellScript = "\"${SRCROOT}/Pods/Target Support Files/Pods/Pods-resources.sh\"\n";
			showEnvVarsInLog = 0;
		};
/* End PBXShellScriptBuildPhase section */

/* Begin PBXSourcesBuildPhase section */
		97670E4D1ABCC12B000690CE /* Sources */ = {
			isa = PBXSourcesBuildPhase;
			buildActionMask = 2147483647;
			files = (
				979035F01ACF89B40006E970 /* Groups.swift in Sources */,
				97670E5C1ABCC12B000690CE /* ViewController.swift in Sources */,
				97670E8C1ABCCA3D000690CE /* RAMAnimatedTabBarController.swift in Sources */,
				9794B96D1AC509C0006CFE92 /* TableViewController.swift in Sources */,
				97670E5A1ABCC12B000690CE /* iContacts.xcdatamodeld in Sources */,
				9792A4541ACDF22F00365D07 /* GroupTableViewController.swift in Sources */,
				979389831AC0F06700DF9A49 /* selectPersonViewController.swift in Sources */,
				97929FD61AC8DD88003ADD49 /* IGLDropDownMenu.m in Sources */,
				97670E8B1ABCCA3D000690CE /* RAMTransitionItemAnimation.swift in Sources */,
				978F1FDF1ABE14EF00191803 /* contact.swift in Sources */,
				97670E8D1ABCCA3D000690CE /* RAMItemAnimationProtocol.swift in Sources */,
				97929FD51AC8DD88003ADD49 /* IGLDropDownItem.m in Sources */,
				979035EE1ACF89B30006E970 /* Events.swift in Sources */,
				97670E571ABCC12B000690CE /* AppDelegate.swift in Sources */,
				97670E8A1ABCCA3D000690CE /* RAMRotationAnimation.swift in Sources */,
				978F1FE11ABE308500191803 /* contactTableViewController.swift in Sources */,
				9794B96B1AC4B8AC006CFE92 /* EventCell.swift in Sources */,
				97670E881ABCCA3D000690CE /* RAMFrameItemAnimation.swift in Sources */,
				97670E891ABCCA3D000690CE /* RAMFumeAnimation.swift in Sources */,
				97670E871ABCCA3D000690CE /* RAMBounceAnimation.swift in Sources */,
				9792A4561ACDF4D800365D07 /* NotClickedCell.swift in Sources */,
				9792A4581ACDF4EC00365D07 /* ClickedTableViewCell.swift in Sources */,
			);
			runOnlyForDeploymentPostprocessing = 0;
		};
		97670E651ABCC12B000690CE /* Sources */ = {
			isa = PBXSourcesBuildPhase;
			buildActionMask = 2147483647;
			files = (
				97670E701ABCC12B000690CE /* iContactsTests.swift in Sources */,
			);
			runOnlyForDeploymentPostprocessing = 0;
		};
/* End PBXSourcesBuildPhase section */

/* Begin PBXTargetDependency section */
		97670E6B1ABCC12B000690CE /* PBXTargetDependency */ = {
			isa = PBXTargetDependency;
			target = 97670E501ABCC12B000690CE /* iContacts */;
			targetProxy = 97670E6A1ABCC12B000690CE /* PBXContainerItemProxy */;
		};
/* End PBXTargetDependency section */

/* Begin PBXVariantGroup section */
		97670E621ABCC12B000690CE /* LaunchScreen.xib */ = {
			isa = PBXVariantGroup;
			children = (
				97670E631ABCC12B000690CE /* Base */,
			);
			name = LaunchScreen.xib;
			sourceTree = "<group>";
		};
/* End PBXVariantGroup section */

/* Begin XCBuildConfiguration section */
		97670E711ABCC12B000690CE /* Debug */ = {
			isa = XCBuildConfiguration;
			buildSettings = {
				ALWAYS_SEARCH_USER_PATHS = NO;
				CLANG_CXX_LANGUAGE_STANDARD = "gnu++0x";
				CLANG_CXX_LIBRARY = "libc++";
				CLANG_ENABLE_MODULES = YES;
				CLANG_ENABLE_OBJC_ARC = YES;
				CLANG_WARN_BOOL_CONVERSION = YES;
				CLANG_WARN_CONSTANT_CONVERSION = YES;
				CLANG_WARN_DIRECT_OBJC_ISA_USAGE = YES_ERROR;
				CLANG_WARN_EMPTY_BODY = YES;
				CLANG_WARN_ENUM_CONVERSION = YES;
				CLANG_WARN_INT_CONVERSION = YES;
				CLANG_WARN_OBJC_ROOT_CLASS = YES_ERROR;
				CLANG_WARN_UNREACHABLE_CODE = YES;
				CLANG_WARN__DUPLICATE_METHOD_MATCH = YES;
				"CODE_SIGN_IDENTITY[sdk=iphoneos*]" = "iPhone Developer";
				COPY_PHASE_STRIP = NO;
				ENABLE_STRICT_OBJC_MSGSEND = YES;
				GCC_C_LANGUAGE_STANDARD = gnu99;
				GCC_DYNAMIC_NO_PIC = NO;
				GCC_OPTIMIZATION_LEVEL = 0;
				GCC_PREPROCESSOR_DEFINITIONS = (
					"DEBUG=1",
					"$(inherited)",
				);
				GCC_SYMBOLS_PRIVATE_EXTERN = NO;
				GCC_WARN_64_TO_32_BIT_CONVERSION = YES;
				GCC_WARN_ABOUT_RETURN_TYPE = YES_ERROR;
				GCC_WARN_UNDECLARED_SELECTOR = YES;
				GCC_WARN_UNINITIALIZED_AUTOS = YES_AGGRESSIVE;
				GCC_WARN_UNUSED_FUNCTION = YES;
				GCC_WARN_UNUSED_VARIABLE = YES;
				IPHONEOS_DEPLOYMENT_TARGET = 8.2;
				MTL_ENABLE_DEBUG_INFO = YES;
				ONLY_ACTIVE_ARCH = YES;
				SDKROOT = iphoneos;
				SWIFT_OPTIMIZATION_LEVEL = "-Onone";
			};
			name = Debug;
		};
		97670E721ABCC12B000690CE /* Release */ = {
			isa = XCBuildConfiguration;
			buildSettings = {
				ALWAYS_SEARCH_USER_PATHS = NO;
				CLANG_CXX_LANGUAGE_STANDARD = "gnu++0x";
				CLANG_CXX_LIBRARY = "libc++";
				CLANG_ENABLE_MODULES = YES;
				CLANG_ENABLE_OBJC_ARC = YES;
				CLANG_WARN_BOOL_CONVERSION = YES;
				CLANG_WARN_CONSTANT_CONVERSION = YES;
				CLANG_WARN_DIRECT_OBJC_ISA_USAGE = YES_ERROR;
				CLANG_WARN_EMPTY_BODY = YES;
				CLANG_WARN_ENUM_CONVERSION = YES;
				CLANG_WARN_INT_CONVERSION = YES;
				CLANG_WARN_OBJC_ROOT_CLASS = YES_ERROR;
				CLANG_WARN_UNREACHABLE_CODE = YES;
				CLANG_WARN__DUPLICATE_METHOD_MATCH = YES;
				"CODE_SIGN_IDENTITY[sdk=iphoneos*]" = "iPhone Developer";
				COPY_PHASE_STRIP = NO;
				ENABLE_NS_ASSERTIONS = NO;
				ENABLE_STRICT_OBJC_MSGSEND = YES;
				GCC_C_LANGUAGE_STANDARD = gnu99;
				GCC_WARN_64_TO_32_BIT_CONVERSION = YES;
				GCC_WARN_ABOUT_RETURN_TYPE = YES_ERROR;
				GCC_WARN_UNDECLARED_SELECTOR = YES;
				GCC_WARN_UNINITIALIZED_AUTOS = YES_AGGRESSIVE;
				GCC_WARN_UNUSED_FUNCTION = YES;
				GCC_WARN_UNUSED_VARIABLE = YES;
				IPHONEOS_DEPLOYMENT_TARGET = 8.2;
				MTL_ENABLE_DEBUG_INFO = NO;
				SDKROOT = iphoneos;
				VALIDATE_PRODUCT = YES;
			};
			name = Release;
		};
		97670E741ABCC12B000690CE /* Debug */ = {
			isa = XCBuildConfiguration;
			baseConfigurationReference = 3243A20339A4C7C60F211578 /* Pods.debug.xcconfig */;
			buildSettings = {
				ASSETCATALOG_COMPILER_APPICON_NAME = AppIcon;
				CLANG_ENABLE_MODULES = YES;
				INFOPLIST_FILE = iContacts/Info.plist;
				LD_RUNPATH_SEARCH_PATHS = "$(inherited) @executable_path/Frameworks";
				PRODUCT_NAME = "$(TARGET_NAME)";
				SWIFT_OBJC_BRIDGING_HEADER = "iContacts/iContacts-Bridging-Header.h";
				SWIFT_OPTIMIZATION_LEVEL = "-Onone";
			};
			name = Debug;
		};
		97670E751ABCC12B000690CE /* Release */ = {
			isa = XCBuildConfiguration;
			baseConfigurationReference = E2C71344AD3B5F758C43EAD4 /* Pods.release.xcconfig */;
			buildSettings = {
				ASSETCATALOG_COMPILER_APPICON_NAME = AppIcon;
				CLANG_ENABLE_MODULES = YES;
				INFOPLIST_FILE = iContacts/Info.plist;
				LD_RUNPATH_SEARCH_PATHS = "$(inherited) @executable_path/Frameworks";
				PRODUCT_NAME = "$(TARGET_NAME)";
				SWIFT_OBJC_BRIDGING_HEADER = "iContacts/iContacts-Bridging-Header.h";
			};
			name = Release;
		};
		97670E771ABCC12B000690CE /* Debug */ = {
			isa = XCBuildConfiguration;
			buildSettings = {
				BUNDLE_LOADER = "$(TEST_HOST)";
				FRAMEWORK_SEARCH_PATHS = (
					"$(SDKROOT)/Developer/Library/Frameworks",
					"$(inherited)",
				);
				GCC_PREPROCESSOR_DEFINITIONS = (
					"DEBUG=1",
					"$(inherited)",
				);
				INFOPLIST_FILE = iContactsTests/Info.plist;
				LD_RUNPATH_SEARCH_PATHS = "$(inherited) @executable_path/Frameworks @loader_path/Frameworks";
				PRODUCT_NAME = "$(TARGET_NAME)";
				TEST_HOST = "$(BUILT_PRODUCTS_DIR)/iContacts.app/iContacts";
			};
			name = Debug;
		};
		97670E781ABCC12B000690CE /* Release */ = {
			isa = XCBuildConfiguration;
			buildSettings = {
				BUNDLE_LOADER = "$(TEST_HOST)";
				FRAMEWORK_SEARCH_PATHS = (
					"$(SDKROOT)/Developer/Library/Frameworks",
					"$(inherited)",
				);
				INFOPLIST_FILE = iContactsTests/Info.plist;
				LD_RUNPATH_SEARCH_PATHS = "$(inherited) @executable_path/Frameworks @loader_path/Frameworks";
				PRODUCT_NAME = "$(TARGET_NAME)";
				TEST_HOST = "$(BUILT_PRODUCTS_DIR)/iContacts.app/iContacts";
			};
			name = Release;
		};
/* End XCBuildConfiguration section */

/* Begin XCConfigurationList section */
		97670E4C1ABCC12B000690CE /* Build configuration list for PBXProject "iContacts" */ = {
			isa = XCConfigurationList;
			buildConfigurations = (
				97670E711ABCC12B000690CE /* Debug */,
				97670E721ABCC12B000690CE /* Release */,
			);
			defaultConfigurationIsVisible = 0;
			defaultConfigurationName = Release;
		};
		97670E731ABCC12B000690CE /* Build configuration list for PBXNativeTarget "iContacts" */ = {
			isa = XCConfigurationList;
			buildConfigurations = (
				97670E741ABCC12B000690CE /* Debug */,
				97670E751ABCC12B000690CE /* Release */,
			);
			defaultConfigurationIsVisible = 0;
			defaultConfigurationName = Release;
		};
		97670E761ABCC12B000690CE /* Build configuration list for PBXNativeTarget "iContactsTests" */ = {
			isa = XCConfigurationList;
			buildConfigurations = (
				97670E771ABCC12B000690CE /* Debug */,
				97670E781ABCC12B000690CE /* Release */,
			);
			defaultConfigurationIsVisible = 0;
			defaultConfigurationName = Release;
		};
/* End XCConfigurationList section */

/* Begin XCVersionGroup section */
		97670E581ABCC12B000690CE /* iContacts.xcdatamodeld */ = {
			isa = XCVersionGroup;
			children = (
				97670E591ABCC12B000690CE /* iContacts.xcdatamodel */,
			);
			currentVersion = 97670E591ABCC12B000690CE /* iContacts.xcdatamodel */;
			path = iContacts.xcdatamodeld;
			sourceTree = "<group>";
			versionGroupType = wrapper.xcdatamodel;
		};
/* End XCVersionGroup section */
	};
	rootObject = 97670E491ABCC12B000690CE /* Project object */;
}
